
Microsoft Visual Studio Solution File, Format Version 12.00
# Visual Studio 15
VisualStudioVersion = 15.0.26228.9
MinimumVisualStudioVersion = 10.0.40219.1
Project("{FAE04EC0-301F-11D3-BF4B-00C04F79EFBC}") = "ByteEncodings", "ByteEncodings\ByteEncodings.csproj", "{65D17A7A-8D01-4046-B678-9DAD66134BB0}"
EndProject
Project("{FAE04EC0-301F-11D3-BF4B-00C04F79EFBC}") = "ByteEncodings.Test", "ByteEncodings.Test\ByteEncodings.Test.csproj", "{EB875664-3DF6-4BDE-957E-7B99810E46AD}"
EndProject
Global
	GlobalSection(SolutionConfigurationPlatforms) = preSolution
		Debug|Any CPU = Debug|Any CPU
		Release|Any CPU = Release|Any CPU
	EndGlobalSection
	GlobalSection(ProjectConfigurationPlatforms) = postSolution
		{65D17A7A-8D01-4046-B678-9DAD66134BB0}.Debug|Any CPU.ActiveCfg = Debug|Any CPU
		{65D17A7A-8D01-4046-B678-9DAD66134BB0}.Debug|Any CPU.Build.0 = Debug|Any CPU
		{65D17A7A-8D01-4046-B678-9DAD66134BB0}.Release|Any CPU.ActiveCfg = Release|Any CPU
		{65D17A7A-8D01-4046-B678-9DAD66134BB0}.Release|Any CPU.Build.0 = Release|Any CPU
		{EB875664-3DF6-4BDE-957E-7B99810E46AD}.Debug|Any CPU.ActiveCfg = Debug|Any CPU
		{EB875664-3DF6-4BDE-957E-7B99810E46AD}.Debug|Any CPU.Build.0 = Debug|Any CPU
		{EB875664-3DF6-4BDE-957E-7B99810E46AD}.Release|Any CPU.ActiveCfg = Release|Any CPU
		{EB875664-3DF6-4BDE-957E-7B99810E46AD}.Release|Any CPU.Build.0 = Release|Any CPU
	EndGlobalSection
	GlobalSection(SolutionProperties) = preSolution
		HideSolutionNode = FALSE
	EndGlobalSection
EndGlobal
